// !$*UTF8*$!
{
	archiveVersion = 1;
	classes = {
	};
	objectVersion = 56;
	objects = {

/* Begin PBXBuildFile section */
		B36127452BC6610800BDFE67 /* app.swift in Sources */ = {isa = PBXBuildFile; fileRef = B36127442BC6610800BDFE67 /* app.swift */; };
		B36127472BC6610800BDFE67 /* ContentView.swift in Sources */ = {isa = PBXBuildFile; fileRef = B36127462BC6610800BDFE67 /* ContentView.swift */; };
		B36127492BC6610900BDFE67 /* Assets.xcassets in Resources */ = {isa = PBXBuildFile; fileRef = B36127482BC6610900BDFE67 /* Assets.xcassets */; };
		B361274D2BC6610900BDFE67 /* Preview Assets.xcassets in Resources */ = {isa = PBXBuildFile; fileRef = B361274C2BC6610900BDFE67 /* Preview Assets.xcassets */; };
		B36127562BC661F000BDFE67 /* service.c in Sources */ = {isa = PBXBuildFile; fileRef = B36127532BC661F000BDFE67 /* service.c */; };
		B36127572BC661F000BDFE67 /* util.swift in Sources */ = {isa = PBXBuildFile; fileRef = B36127542BC661F000BDFE67 /* util.swift */; };
		B361275A2BC6621E00BDFE67 /* Service.swift in Sources */ = {isa = PBXBuildFile; fileRef = B36127592BC6621E00BDFE67 /* Service.swift */; };
		B3C05E732BC72D3000904E7A /* Downloader.swift in Sources */ = {isa = PBXBuildFile; fileRef = B3C05E722BC72D3000904E7A /* Downloader.swift */; };
		B3DFAFE32BC99B7A00AFE139 /* Toast.swift in Sources */ = {isa = PBXBuildFile; fileRef = B3DFAFE22BC99B7A00AFE139 /* Toast.swift */; };
/* End PBXBuildFile section */

/* Begin PBXFileReference section */
		B36127412BC6610800BDFE67 /* YLIP.app */ = {isa = PBXFileReference; explicitFileType = wrapper.application; includeInIndex = 0; path = YLIP.app; sourceTree = BUILT_PRODUCTS_DIR; };
		B36127442BC6610800BDFE67 /* app.swift */ = {isa = PBXFileReference; lastKnownFileType = sourcecode.swift; path = app.swift; sourceTree = "<group>"; };
		B36127462BC6610800BDFE67 /* ContentView.swift */ = {isa = PBXFileReference; lastKnownFileType = sourcecode.swift; path = ContentView.swift; sourceTree = "<group>"; };
		B36127482BC6610900BDFE67 /* Assets.xcassets */ = {isa = PBXFileReference; lastKnownFileType = folder.assetcatalog; path = Assets.xcassets; sourceTree = "<group>"; };
		B361274A2BC6610900BDFE67 /* YLIP.entitlements */ = {isa = PBXFileReference; lastKnownFileType = text.plist.entitlements; path = YLIP.entitlements; sourceTree = "<group>"; };
		B361274C2BC6610900BDFE67 /* Preview Assets.xcassets */ = {isa = PBXFileReference; lastKnownFileType = folder.assetcatalog; path = "Preview Assets.xcassets"; sourceTree = "<group>"; };
		B36127532BC661F000BDFE67 /* service.c */ = {isa = PBXFileReference; fileEncoding = 4; lastKnownFileType = sourcecode.c.c; path = service.c; sourceTree = "<group>"; };
		B36127542BC661F000BDFE67 /* util.swift */ = {isa = PBXFileReference; fileEncoding = 4; lastKnownFileType = sourcecode.swift; path = util.swift; sourceTree = "<group>"; };
		B36127552BC661F000BDFE67 /* service.h */ = {isa = PBXFileReference; fileEncoding = 4; lastKnownFileType = sourcecode.c.h; path = service.h; sourceTree = "<group>"; };
		B36127582BC661FA00BDFE67 /* bridging-header.h */ = {isa = PBXFileReference; lastKnownFileType = sourcecode.c.h; path = "bridging-header.h"; sourceTree = "<group>"; };
		B36127592BC6621E00BDFE67 /* Service.swift */ = {isa = PBXFileReference; fileEncoding = 4; lastKnownFileType = sourcecode.swift; path = Service.swift; sourceTree = "<group>"; };
		B394B2E32BC66B3A00C1524A /* Info.plist */ = {isa = PBXFileReference; fileEncoding = 4; lastKnownFileType = text.plist.xml; path = Info.plist; sourceTree = "<group>"; };
		B3C05E712BC6744E00904E7A /* YLIPDebug.entitlements */ = {isa = PBXFileReference; lastKnownFileType = text.plist.entitlements; path = YLIPDebug.entitlements; sourceTree = "<group>"; };
		B3C05E722BC72D3000904E7A /* Downloader.swift */ = {isa = PBXFileReference; lastKnownFileType = sourcecode.swift; path = Downloader.swift; sourceTree = "<group>"; };
		B3DFAFE22BC99B7A00AFE139 /* Toast.swift */ = {isa = PBXFileReference; lastKnownFileType = sourcecode.swift; path = Toast.swift; sourceTree = "<group>"; };
/* End PBXFileReference section */

/* Begin PBXFrameworksBuildPhase section */
		B361273E2BC6610800BDFE67 /* Frameworks */ = {
			isa = PBXFrameworksBuildPhase;
			buildActionMask = 2147483647;
			files = (
			);
			runOnlyForDeploymentPostprocessing = 0;
		};
/* End PBXFrameworksBuildPhase section */

/* Begin PBXGroup section */
		B36127382BC6610800BDFE67 = {
			isa = PBXGroup;
			children = (
				B36127432BC6610800BDFE67 /* YLIP */,
				B36127422BC6610800BDFE67 /* Products */,
			);
			sourceTree = "<group>";
		};
		B36127422BC6610800BDFE67 /* Products */ = {
			isa = PBXGroup;
			children = (
				B36127412BC6610800BDFE67 /* YLIP.app */,
			);
			name = Products;
			sourceTree = "<group>";
		};
		B36127432BC6610800BDFE67 /* YLIP */ = {
			isa = PBXGroup;
			children = (
				B3DFAFE52BC9A2DF00AFE139 /* C */,
				B3DFAFE42BC9A2C900AFE139 /* swift */,
				B394B2E32BC66B3A00C1524A /* Info.plist */,
				B36127482BC6610900BDFE67 /* Assets.xcassets */,
				B36127542BC661F000BDFE67 /* util.swift */,
				B3C05E712BC6744E00904E7A /* YLIPDebug.entitlements */,
				B361274A2BC6610900BDFE67 /* YLIP.entitlements */,
				B361274B2BC6610900BDFE67 /* Preview Content */,
			);
			path = YLIP;
			sourceTree = "<group>";
		};
		B361274B2BC6610900BDFE67 /* Preview Content */ = {
			isa = PBXGroup;
			children = (
				B361274C2BC6610900BDFE67 /* Preview Assets.xcassets */,
			);
			path = "Preview Content";
			sourceTree = "<group>";
		};
		B3DFAFE42BC9A2C900AFE139 /* swift */ = {
			isa = PBXGroup;
			children = (
				B36127442BC6610800BDFE67 /* app.swift */,
				B36127462BC6610800BDFE67 /* ContentView.swift */,
				B3C05E722BC72D3000904E7A /* Downloader.swift */,
				B36127592BC6621E00BDFE67 /* Service.swift */,
				B3DFAFE22BC99B7A00AFE139 /* Toast.swift */,
			);
			path = swift;
			sourceTree = "<group>";
		};
		B3DFAFE52BC9A2DF00AFE139 /* C */ = {
			isa = PBXGroup;
			children = (
				B36127582BC661FA00BDFE67 /* bridging-header.h */,
				B36127552BC661F000BDFE67 /* service.h */,
				B36127532BC661F000BDFE67 /* service.c */,
			);
			path = C;
			sourceTree = "<group>";
		};
/* End PBXGroup section */

/* Begin PBXNativeTarget section */
		B36127402BC6610800BDFE67 /* YLIP */ = {
			isa = PBXNativeTarget;
			buildConfigurationList = B36127502BC6610900BDFE67 /* Build configuration list for PBXNativeTarget "YLIP" */;
			buildPhases = (
				B361273D2BC6610800BDFE67 /* Sources */,
				B361273E2BC6610800BDFE67 /* Frameworks */,
				B361273F2BC6610800BDFE67 /* Resources */,
			);
			buildRules = (
			);
			dependencies = (
			);
			name = YLIP;
			productName = YLIP;
			productReference = B36127412BC6610800BDFE67 /* YLIP.app */;
			productType = "com.apple.product-type.application";
		};
/* End PBXNativeTarget section */

/* Begin PBXProject section */
		B36127392BC6610800BDFE67 /* Project object */ = {
			isa = PBXProject;
			attributes = {
				BuildIndependentTargetsInParallel = 1;
				LastSwiftUpdateCheck = 1530;
				LastUpgradeCheck = 1530;
				TargetAttributes = {
					B36127402BC6610800BDFE67 = {
						CreatedOnToolsVersion = 15.3;
						LastSwiftMigration = 1530;
					};
				};
			};
			buildConfigurationList = B361273C2BC6610800BDFE67 /* Build configuration list for PBXProject "YLIP" */;
			compatibilityVersion = "Xcode 14.0";
			developmentRegion = en;
			hasScannedForEncodings = 0;
			knownRegions = (
				en,
				Base,
			);
			mainGroup = B36127382BC6610800BDFE67;
			productRefGroup = B36127422BC6610800BDFE67 /* Products */;
			projectDirPath = "";
			projectRoot = "";
			targets = (
				B36127402BC6610800BDFE67 /* YLIP */,
			);
		};
/* End PBXProject section */

/* Begin PBXResourcesBuildPhase section */
		B361273F2BC6610800BDFE67 /* Resources */ = {
			isa = PBXResourcesBuildPhase;
			buildActionMask = 2147483647;
			files = (
				B361274D2BC6610900BDFE67 /* Preview Assets.xcassets in Resources */,
				B36127492BC6610900BDFE67 /* Assets.xcassets in Resources */,
			);
			runOnlyForDeploymentPostprocessing = 0;
		};
/* End PBXResourcesBuildPhase section */

/* Begin PBXSourcesBuildPhase section */
		B361273D2BC6610800BDFE67 /* Sources */ = {
			isa = PBXSourcesBuildPhase;
			buildActionMask = 2147483647;
			files = (
				B36127472BC6610800BDFE67 /* ContentView.swift in Sources */,
				B36127562BC661F000BDFE67 /* service.c in Sources */,
				B3C05E732BC72D3000904E7A /* Downloader.swift in Sources */,
				B36127452BC6610800BDFE67 /* app.swift in Sources */,
				B361275A2BC6621E00BDFE67 /* Service.swift in Sources */,
				B36127572BC661F000BDFE67 /* util.swift in Sources */,
				B3DFAFE32BC99B7A00AFE139 /* Toast.swift in Sources */,
			);
			runOnlyForDeploymentPostprocessing = 0;
		};
/* End PBXSourcesBuildPhase section */

/* Begin XCBuildConfiguration section */
		B361274E2BC6610900BDFE67 /* Debug */ = {
			isa = XCBuildConfiguration;
			buildSettings = {
				ALWAYS_SEARCH_USER_PATHS = NO;
				ASSETCATALOG_COMPILER_GENERATE_SWIFT_ASSET_SYMBOL_EXTENSIONS = YES;
				CLANG_ANALYZER_NONNULL = YES;
				CLANG_ANALYZER_NUMBER_OBJECT_CONVERSION = YES_AGGRESSIVE;
				CLANG_CXX_LANGUAGE_STANDARD = "gnu++20";
				CLANG_ENABLE_MODULES = YES;
				CLANG_ENABLE_OBJC_ARC = YES;
				CLANG_ENABLE_OBJC_WEAK = YES;
				CLANG_WARN_BLOCK_CAPTURE_AUTORELEASING = YES;
				CLANG_WARN_BOOL_CONVERSION = YES;
				CLANG_WARN_COMMA = YES;
				CLANG_WARN_CONSTANT_CONVERSION = YES;
				CLANG_WARN_DEPRECATED_OBJC_IMPLEMENTATIONS = YES;
				CLANG_WARN_DIRECT_OBJC_ISA_USAGE = YES_ERROR;
				CLANG_WARN_DOCUMENTATION_COMMENTS = YES;
				CLANG_WARN_EMPTY_BODY = YES;
				CLANG_WARN_ENUM_CONVERSION = YES;
				CLANG_WARN_INFINITE_RECURSION = YES;
				CLANG_WARN_INT_CONVERSION = YES;
				CLANG_WARN_NON_LITERAL_NULL_CONVERSION = YES;
				CLANG_WARN_OBJC_IMPLICIT_RETAIN_SELF = YES;
				CLANG_WARN_OBJC_LITERAL_CONVERSION = YES;
				CLANG_WARN_OBJC_ROOT_CLASS = YES_ERROR;
				CLANG_WARN_QUOTED_INCLUDE_IN_FRAMEWORK_HEADER = YES;
				CLANG_WARN_RANGE_LOOP_ANALYSIS = YES;
				CLANG_WARN_STRICT_PROTOTYPES = YES;
				CLANG_WARN_SUSPICIOUS_MOVE = YES;
				CLANG_WARN_UNGUARDED_AVAILABILITY = YES_AGGRESSIVE;
				CLANG_WARN_UNREACHABLE_CODE = YES;
				CLANG_WARN__DUPLICATE_METHOD_MATCH = YES;
				COPY_PHASE_STRIP = NO;
				DEBUG_INFORMATION_FORMAT = dwarf;
				ENABLE_APP_SANDBOX = YES;
				ENABLE_STRICT_OBJC_MSGSEND = YES;
				ENABLE_TESTABILITY = YES;
				ENABLE_USER_SCRIPT_SANDBOXING = YES;
				ENABLE_USER_SELECTED_FILES = readwrite;
				GCC_C_LANGUAGE_STANDARD = gnu17;
				GCC_DYNAMIC_NO_PIC = NO;
				GCC_NO_COMMON_BLOCKS = YES;
				GCC_OPTIMIZATION_LEVEL = 0;
				GCC_PREPROCESSOR_DEFINITIONS = (
					"DEBUG=1",
					"$(inherited)",
				);
				GCC_WARN_64_TO_32_BIT_CONVERSION = YES;
				GCC_WARN_ABOUT_RETURN_TYPE = YES_ERROR;
				GCC_WARN_UNDECLARED_SELECTOR = YES;
				GCC_WARN_UNINITIALIZED_AUTOS = YES_AGGRESSIVE;
				GCC_WARN_UNUSED_FUNCTION = YES;
				GCC_WARN_UNUSED_VARIABLE = YES;
				IPHONEOS_DEPLOYMENT_TARGET = 15.0;
				LOCALIZATION_PREFERS_STRING_CATALOGS = YES;
				MACOSX_DEPLOYMENT_TARGET = 13.0;
				MTL_ENABLE_DEBUG_INFO = INCLUDE_SOURCE;
				MTL_FAST_MATH = YES;
				ONLY_ACTIVE_ARCH = YES;
				SWIFT_ACTIVE_COMPILATION_CONDITIONS = "DEBUG $(inherited)";
				SWIFT_OBJC_BRIDGING_HEADER = "YLIP/bridging-header.h";
				SWIFT_OPTIMIZATION_LEVEL = "-Onone";
			};
			name = Debug;
		};
		B361274F2BC6610900BDFE67 /* Release */ = {
			isa = XCBuildConfiguration;
			buildSettings = {
				ALWAYS_SEARCH_USER_PATHS = NO;
				ASSETCATALOG_COMPILER_GENERATE_SWIFT_ASSET_SYMBOL_EXTENSIONS = YES;
				CLANG_ANALYZER_NONNULL = YES;
				CLANG_ANALYZER_NUMBER_OBJECT_CONVERSION = YES_AGGRESSIVE;
				CLANG_CXX_LANGUAGE_STANDARD = "gnu++20";
				CLANG_ENABLE_MODULES = YES;
				CLANG_ENABLE_OBJC_ARC = YES;
				CLANG_ENABLE_OBJC_WEAK = YES;
				CLANG_WARN_BLOCK_CAPTURE_AUTORELEASING = YES;
				CLANG_WARN_BOOL_CONVERSION = YES;
				CLANG_WARN_COMMA = YES;
				CLANG_WARN_CONSTANT_CONVERSION = YES;
				CLANG_WARN_DEPRECATED_OBJC_IMPLEMENTATIONS = YES;
				CLANG_WARN_DIRECT_OBJC_ISA_USAGE = YES_ERROR;
				CLANG_WARN_DOCUMENTATION_COMMENTS = YES;
				CLANG_WARN_EMPTY_BODY = YES;
				CLANG_WARN_ENUM_CONVERSION = YES;
				CLANG_WARN_INFINITE_RECURSION = YES;
				CLANG_WARN_INT_CONVERSION = YES;
				CLANG_WARN_NON_LITERAL_NULL_CONVERSION = YES;
				CLANG_WARN_OBJC_IMPLICIT_RETAIN_SELF = YES;
				CLANG_WARN_OBJC_LITERAL_CONVERSION = YES;
				CLANG_WARN_OBJC_ROOT_CLASS = YES_ERROR;
				CLANG_WARN_QUOTED_INCLUDE_IN_FRAMEWORK_HEADER = YES;
				CLANG_WARN_RANGE_LOOP_ANALYSIS = YES;
				CLANG_WARN_STRICT_PROTOTYPES = YES;
				CLANG_WARN_SUSPICIOUS_MOVE = YES;
				CLANG_WARN_UNGUARDED_AVAILABILITY = YES_AGGRESSIVE;
				CLANG_WARN_UNREACHABLE_CODE = YES;
				CLANG_WARN__DUPLICATE_METHOD_MATCH = YES;
				COPY_PHASE_STRIP = NO;
				DEBUG_INFORMATION_FORMAT = "dwarf-with-dsym";
				ENABLE_APP_SANDBOX = YES;
				ENABLE_NS_ASSERTIONS = NO;
				ENABLE_STRICT_OBJC_MSGSEND = YES;
				ENABLE_USER_SCRIPT_SANDBOXING = YES;
				ENABLE_USER_SELECTED_FILES = readwrite;
				GCC_C_LANGUAGE_STANDARD = gnu17;
				GCC_NO_COMMON_BLOCKS = YES;
				GCC_WARN_64_TO_32_BIT_CONVERSION = YES;
				GCC_WARN_ABOUT_RETURN_TYPE = YES_ERROR;
				GCC_WARN_UNDECLARED_SELECTOR = YES;
				GCC_WARN_UNINITIALIZED_AUTOS = YES_AGGRESSIVE;
				GCC_WARN_UNUSED_FUNCTION = YES;
				GCC_WARN_UNUSED_VARIABLE = YES;
				IPHONEOS_DEPLOYMENT_TARGET = 15.0;
				LOCALIZATION_PREFERS_STRING_CATALOGS = YES;
				MACOSX_DEPLOYMENT_TARGET = 13.0;
				MTL_ENABLE_DEBUG_INFO = NO;
				MTL_FAST_MATH = YES;
				SWIFT_COMPILATION_MODE = wholemodule;
				SWIFT_OBJC_BRIDGING_HEADER = "YLIP/bridging-header.h";
			};
			name = Release;
		};
		B36127512BC6610900BDFE67 /* Debug */ = {
			isa = XCBuildConfiguration;
			buildSettings = {
				ASSETCATALOG_COMPILER_APPICON_NAME = AppIcon;
				ASSETCATALOG_COMPILER_GLOBAL_ACCENT_COLOR_NAME = AccentColor;
				CLANG_ENABLE_MODULES = YES;
				CODE_SIGN_ENTITLEMENTS = YLIP/YLIPDebug.entitlements;
				CODE_SIGN_IDENTITY = "Apple Development";
				CODE_SIGN_STYLE = Automatic;
				CURRENT_PROJECT_VERSION = 1;
				DEVELOPMENT_ASSET_PATHS = "\"YLIP/Preview Content\"";
				DEVELOPMENT_TEAM = 692R843P25;
				ENABLE_APP_SANDBOX = YES;
				ENABLE_HARDENED_RUNTIME = NO;
				ENABLE_PREVIEWS = YES;
				ENABLE_USER_SELECTED_FILES = readwrite;
				GENERATE_INFOPLIST_FILE = YES;
				INFOPLIST_KEY_CFBundleDisplayName = YLIP;
				INFOPLIST_KEY_LSApplicationCategoryType = "public.app-category.entertainment";
				"INFOPLIST_KEY_UIApplicationSceneManifest_Generation[sdk=iphoneos*]" = YES;
				"INFOPLIST_KEY_UIApplicationSceneManifest_Generation[sdk=iphonesimulator*]" = YES;
				"INFOPLIST_KEY_UIApplicationSupportsIndirectInputEvents[sdk=iphoneos*]" = YES;
				"INFOPLIST_KEY_UIApplicationSupportsIndirectInputEvents[sdk=iphonesimulator*]" = YES;
				"INFOPLIST_KEY_UILaunchScreen_Generation[sdk=iphoneos*]" = YES;
				"INFOPLIST_KEY_UILaunchScreen_Generation[sdk=iphonesimulator*]" = YES;
				"INFOPLIST_KEY_UIRequiredDeviceCapabilities[sdk=*]" = "";
				"INFOPLIST_KEY_UIStatusBarStyle[sdk=iphoneos*]" = UIStatusBarStyleDefault;
				"INFOPLIST_KEY_UIStatusBarStyle[sdk=iphonesimulator*]" = UIStatusBarStyleDefault;
				INFOPLIST_KEY_UISupportedInterfaceOrientations_iPad = "UIInterfaceOrientationPortrait UIInterfaceOrientationPortraitUpsideDown UIInterfaceOrientationLandscapeLeft UIInterfaceOrientationLandscapeRight";
				INFOPLIST_KEY_UISupportedInterfaceOrientations_iPhone = "UIInterfaceOrientationPortrait UIInterfaceOrientationLandscapeLeft UIInterfaceOrientationLandscapeRight";
				IPHONEOS_DEPLOYMENT_TARGET = 16.0;
				LD_RUNPATH_SEARCH_PATHS = "@executable_path/Frameworks";
				"LD_RUNPATH_SEARCH_PATHS[sdk=macosx*]" = "@executable_path/../Frameworks";
				MACOSX_DEPLOYMENT_TARGET = 13.0;
				MARKETING_VERSION = 1.0;
				PRODUCT_BUNDLE_IDENTIFIER = io.github.leok7v.YLIP;
				PRODUCT_NAME = "$(TARGET_NAME)";
				PROVISIONING_PROFILE_SPECIFIER = "";
				SDKROOT = auto;
				SUPPORTED_PLATFORMS = "iphoneos iphonesimulator macosx";
				SWIFT_EMIT_LOC_STRINGS = YES;
				SWIFT_OBJC_BRIDGING_HEADER = "YLIP/C/bridging-header.h";
				SWIFT_OPTIMIZATION_LEVEL = "-Onone";
				SWIFT_VERSION = 5.0;
				TARGETED_DEVICE_FAMILY = "1,2";
			};
			name = Debug;
		};
		B36127522BC6610900BDFE67 /* Release */ = {
			isa = XCBuildConfiguration;
			buildSettings = {
				ASSETCATALOG_COMPILER_APPICON_NAME = AppIcon;
				ASSETCATALOG_COMPILER_GLOBAL_ACCENT_COLOR_NAME = AccentColor;
				CLANG_ENABLE_MODULES = YES;
				CODE_SIGN_ENTITLEMENTS = YLIP/YLIP.entitlements;
				CODE_SIGN_IDENTITY = "Apple Development";
				CODE_SIGN_STYLE = Automatic;
				CURRENT_PROJECT_VERSION = 1;
				DEVELOPMENT_ASSET_PATHS = "\"YLIP/Preview Content\"";
				DEVELOPMENT_TEAM = 692R843P25;
				ENABLE_APP_SANDBOX = YES;
				ENABLE_HARDENED_RUNTIME = NO;
				ENABLE_PREVIEWS = YES;
				ENABLE_USER_SELECTED_FILES = readwrite;
				GENERATE_INFOPLIST_FILE = YES;
				INFOPLIST_KEY_CFBundleDisplayName = YLIP;
				INFOPLIST_KEY_LSApplicationCategoryType = "public.app-category.entertainment";
				"INFOPLIST_KEY_UIApplicationSceneManifest_Generation[sdk=iphoneos*]" = YES;
				"INFOPLIST_KEY_UIApplicationSceneManifest_Generation[sdk=iphonesimulator*]" = YES;
				"INFOPLIST_KEY_UIApplicationSupportsIndirectInputEvents[sdk=iphoneos*]" = YES;
				"INFOPLIST_KEY_UIApplicationSupportsIndirectInputEvents[sdk=iphonesimulator*]" = YES;
				"INFOPLIST_KEY_UILaunchScreen_Generation[sdk=iphoneos*]" = YES;
				"INFOPLIST_KEY_UILaunchScreen_Generation[sdk=iphonesimulator*]" = YES;
				"INFOPLIST_KEY_UIRequiredDeviceCapabilities[sdk=*]" = "";
				"INFOPLIST_KEY_UIStatusBarStyle[sdk=iphoneos*]" = UIStatusBarStyleDefault;
				"INFOPLIST_KEY_UIStatusBarStyle[sdk=iphonesimulator*]" = UIStatusBarStyleDefault;
				INFOPLIST_KEY_UISupportedInterfaceOrientations_iPad = "UIInterfaceOrientationPortrait UIInterfaceOrientationPortraitUpsideDown UIInterfaceOrientationLandscapeLeft UIInterfaceOrientationLandscapeRight";
				INFOPLIST_KEY_UISupportedInterfaceOrientations_iPhone = "UIInterfaceOrientationPortrait UIInterfaceOrientationLandscapeLeft UIInterfaceOrientationLandscapeRight";
				IPHONEOS_DEPLOYMENT_TARGET = 16.0;
				LD_RUNPATH_SEARCH_PATHS = "@executable_path/Frameworks";
				"LD_RUNPATH_SEARCH_PATHS[sdk=macosx*]" = "@executable_path/../Frameworks";
				MACOSX_DEPLOYMENT_TARGET = 13.0;
				MARKETING_VERSION = 1.0;
				PRODUCT_BUNDLE_IDENTIFIER = io.github.leok7v.YLIP;
				PRODUCT_NAME = "$(TARGET_NAME)";
				PROVISIONING_PROFILE_SPECIFIER = "";
				SDKROOT = auto;
				SUPPORTED_PLATFORMS = "iphoneos iphonesimulator macosx";
				SWIFT_EMIT_LOC_STRINGS = YES;
				SWIFT_OBJC_BRIDGING_HEADER = "YLIP/C/bridging-header.h";
				SWIFT_VERSION = 5.0;
				TARGETED_DEVICE_FAMILY = "1,2";
			};
			name = Release;
		};
/* End XCBuildConfiguration section */

/* Begin XCConfigurationList section */
		B361273C2BC6610800BDFE67 /* Build configuration list for PBXProject "YLIP" */ = {
			isa = XCConfigurationList;
			buildConfigurations = (
				B361274E2BC6610900BDFE67 /* Debug */,
				B361274F2BC6610900BDFE67 /* Release */,
			);
			defaultConfigurationIsVisible = 0;
			defaultConfigurationName = Release;
		};
		B36127502BC6610900BDFE67 /* Build configuration list for PBXNativeTarget "YLIP" */ = {
			isa = XCConfigurationList;
			buildConfigurations = (
				B36127512BC6610900BDFE67 /* Debug */,
				B36127522BC6610900BDFE67 /* Release */,
			);
			defaultConfigurationIsVisible = 0;
			defaultConfigurationName = Release;
		};
/* End XCConfigurationList section */
	};
	rootObject = B36127392BC6610800BDFE67 /* Project object */;
}
